
Microsoft Visual Studio Solution File, Format Version 12.00
# Visual Studio Version 17
VisualStudioVersion = 17.3.32901.215
MinimumVisualStudioVersion = 10.0.40219.1
Project("{FAE04EC0-301F-11D3-BF4B-00C04F79EFBC}") = "SinavUygulamasi", "SinavUygulamasi\SinavUygulamasi.csproj", "{A873F724-6FF7-4EBE-BC48-C3FD2229318C}"
EndProject
Project("{FAE04EC0-301F-11D3-BF4B-00C04F79EFBC}") = "SinavUygulamasiData", "SinavUygulamasiData\SinavUygulamasiData.csproj", "{8E2ED4B6-6F34-46D8-9C2C-0D1D4AF8B9F0}"
EndProject
Global
	GlobalSection(SolutionConfigurationPlatforms) = preSolution
		Debug|Any CPU = Debug|Any CPU
		Release|Any CPU = Release|Any CPU
	EndGlobalSection
	GlobalSection(ProjectConfigurationPlatforms) = postSolution
		{A873F724-6FF7-4EBE-BC48-C3FD2229318C}.Debug|Any CPU.ActiveCfg = Debug|Any CPU
		{A873F724-6FF7-4EBE-BC48-C3FD2229318C}.Debug|Any CPU.Build.0 = Debug|Any CPU
		{A873F724-6FF7-4EBE-BC48-C3FD2229318C}.Release|Any CPU.ActiveCfg = Release|Any CPU
		{A873F724-6FF7-4EBE-BC48-C3FD2229318C}.Release|Any CPU.Build.0 = Release|Any CPU
		{8E2ED4B6-6F34-46D8-9C2C-0D1D4AF8B9F0}.Debug|Any CPU.ActiveCfg = Debug|Any CPU
		{8E2ED4B6-6F34-46D8-9C2C-0D1D4AF8B9F0}.Debug|Any CPU.Build.0 = Debug|Any CPU
		{8E2ED4B6-6F34-46D8-9C2C-0D1D4AF8B9F0}.Release|Any CPU.ActiveCfg = Release|Any CPU
		{8E2ED4B6-6F34-46D8-9C2C-0D1D4AF8B9F0}.Release|Any CPU.Build.0 = Release|Any CPU
	EndGlobalSection
	GlobalSection(SolutionProperties) = preSolution
		HideSolutionNode = FALSE
	EndGlobalSection
	GlobalSection(ExtensibilityGlobals) = postSolution
		SolutionGuid = {AC705C44-FDE5-4039-B835-D8CE30667467}
	EndGlobalSection
EndGlobal
